// !$*UTF8*$!
{
	archiveVersion = 1;
	classes = {
	};
	objectVersion = 50;
	objects = {

/* Begin PBXBuildFile section */
		1D10320D24EEB01500E73D93 /* HTTPServiceProtocol.swift in Sources */ = {isa = PBXBuildFile; fileRef = 1D10320C24EEB01500E73D93 /* HTTPServiceProtocol.swift */; };
		1D10320F24EEB02200E73D93 /* HTTPService.swift in Sources */ = {isa = PBXBuildFile; fileRef = 1D10320E24EEB02200E73D93 /* HTTPService.swift */; };
		1D10321224EEB0C400E73D93 /* HTTPServiceResponse.swift in Sources */ = {isa = PBXBuildFile; fileRef = 1D10321124EEB0C400E73D93 /* HTTPServiceResponse.swift */; };
		1D10321424EEB0F700E73D93 /* HTTPServiceError.swift in Sources */ = {isa = PBXBuildFile; fileRef = 1D10321324EEB0F700E73D93 /* HTTPServiceError.swift */; };
		1D10321624EEC78A00E73D93 /* HTTPServiceTests.swift in Sources */ = {isa = PBXBuildFile; fileRef = 1D10321524EEC78A00E73D93 /* HTTPServiceTests.swift */; };
		1D10321A24EEDD4400E73D93 /* HTTPServiceMock.swift in Sources */ = {isa = PBXBuildFile; fileRef = 1D10321824EEDAB500E73D93 /* HTTPServiceMock.swift */; };
		1D10321E24EF9F7700E73D93 /* City.swift in Sources */ = {isa = PBXBuildFile; fileRef = 1D10321D24EF9F7700E73D93 /* City.swift */; };
		1D10322024EF9FA300E73D93 /* CityServiceProtocol.swift in Sources */ = {isa = PBXBuildFile; fileRef = 1D10321F24EF9FA300E73D93 /* CityServiceProtocol.swift */; };
		1D10322224EF9FB200E73D93 /* CityService.swift in Sources */ = {isa = PBXBuildFile; fileRef = 1D10322124EF9FB200E73D93 /* CityService.swift */; };
		1D10322424EF9FE000E73D93 /* CityServiceConfig.swift in Sources */ = {isa = PBXBuildFile; fileRef = 1D10322324EF9FE000E73D93 /* CityServiceConfig.swift */; };
		1D10322624EFA04400E73D93 /* CityServiceError.swift in Sources */ = {isa = PBXBuildFile; fileRef = 1D10322524EFA04400E73D93 /* CityServiceError.swift */; };
		1D10322824EFA7EB00E73D93 /* CityServiceTests.swift in Sources */ = {isa = PBXBuildFile; fileRef = 1D10322724EFA7EB00E73D93 /* CityServiceTests.swift */; };
		1D10322A24EFA8E500E73D93 /* Cities.swift in Sources */ = {isa = PBXBuildFile; fileRef = 1D10322924EFA8E500E73D93 /* Cities.swift */; };
		1D10322C24EFB2D400E73D93 /* CityServiceMock.swift in Sources */ = {isa = PBXBuildFile; fileRef = 1D10322B24EFB2D400E73D93 /* CityServiceMock.swift */; };
		1D10323224EFB61400E73D93 /* CitiesViewModel.swift in Sources */ = {isa = PBXBuildFile; fileRef = 1D10323124EFB61400E73D93 /* CitiesViewModel.swift */; };
		1D10323424EFB7E200E73D93 /* CityRow.swift in Sources */ = {isa = PBXBuildFile; fileRef = 1D10323324EFB7E200E73D93 /* CityRow.swift */; };
		1D10323624EFB93600E73D93 /* CityWeather.swift in Sources */ = {isa = PBXBuildFile; fileRef = 1D10323524EFB93600E73D93 /* CityWeather.swift */; };
		1D10323824EFBA1800E73D93 /* WeatherCondition.swift in Sources */ = {isa = PBXBuildFile; fileRef = 1D10323724EFBA1800E73D93 /* WeatherCondition.swift */; };
		1D13178A24EFE98E0046BFE6 /* ActivityIndicator.swift in Sources */ = {isa = PBXBuildFile; fileRef = 1D13178924EFE98E0046BFE6 /* ActivityIndicator.swift */; };
		1D59ECE824EE7AE800765B89 /* AppDelegate.swift in Sources */ = {isa = PBXBuildFile; fileRef = 1D59ECE724EE7AE800765B89 /* AppDelegate.swift */; };
		1D59ECEA24EE7AE800765B89 /* SceneDelegate.swift in Sources */ = {isa = PBXBuildFile; fileRef = 1D59ECE924EE7AE800765B89 /* SceneDelegate.swift */; };
		1D59ECEC24EE7AE800765B89 /* CitiesView.swift in Sources */ = {isa = PBXBuildFile; fileRef = 1D59ECEB24EE7AE800765B89 /* CitiesView.swift */; };
		1D59ECEE24EE7AE900765B89 /* Assets.xcassets in Resources */ = {isa = PBXBuildFile; fileRef = 1D59ECED24EE7AE900765B89 /* Assets.xcassets */; };
		1D59ECF124EE7AE900765B89 /* Preview Assets.xcassets in Resources */ = {isa = PBXBuildFile; fileRef = 1D59ECF024EE7AE900765B89 /* Preview Assets.xcassets */; };
		1D59ECF424EE7AE900765B89 /* LaunchScreen.storyboard in Resources */ = {isa = PBXBuildFile; fileRef = 1D59ECF224EE7AE900765B89 /* LaunchScreen.storyboard */; };
		1D59ECFF24EE7AE900765B89 /* SurfingSpotsTests.swift in Sources */ = {isa = PBXBuildFile; fileRef = 1D59ECFE24EE7AE900765B89 /* SurfingSpotsTests.swift */; };
		1D59ED0A24EE7AE900765B89 /* SurfingSpotsUITests.swift in Sources */ = {isa = PBXBuildFile; fileRef = 1D59ED0924EE7AE900765B89 /* SurfingSpotsUITests.swift */; };
		A86BD2217FF5D60094892D62 /* Pods_SurfingSpotsTests.framework in Frameworks */ = {isa = PBXBuildFile; fileRef = 97A0098789D047E013B8318C /* Pods_SurfingSpotsTests.framework */; };
		E153E1FA7D95D2C01948497E /* Pods_SurfingSpots_SurfingSpotsUITests.framework in Frameworks */ = {isa = PBXBuildFile; fileRef = 38B2F676E428B60302C5E262 /* Pods_SurfingSpots_SurfingSpotsUITests.framework */; };
		E6083DB22F2ED752CA37209B /* Pods_SurfingSpots.framework in Frameworks */ = {isa = PBXBuildFile; fileRef = 064ED41C88C140AF5B962DEE /* Pods_SurfingSpots.framework */; };
/* End PBXBuildFile section */

/* Begin PBXContainerItemProxy section */
		1D59ECFB24EE7AE900765B89 /* PBXContainerItemProxy */ = {
			isa = PBXContainerItemProxy;
			containerPortal = 1D59ECDC24EE7AE800765B89 /* Project object */;
			proxyType = 1;
			remoteGlobalIDString = 1D59ECE324EE7AE800765B89;
			remoteInfo = SurfingSpots;
		};
		1D59ED0624EE7AE900765B89 /* PBXContainerItemProxy */ = {
			isa = PBXContainerItemProxy;
			containerPortal = 1D59ECDC24EE7AE800765B89 /* Project object */;
			proxyType = 1;
			remoteGlobalIDString = 1D59ECE324EE7AE800765B89;
			remoteInfo = SurfingSpots;
		};
/* End PBXContainerItemProxy section */

/* Begin PBXFileReference section */
		064ED41C88C140AF5B962DEE /* Pods_SurfingSpots.framework */ = {isa = PBXFileReference; explicitFileType = wrapper.framework; includeInIndex = 0; path = Pods_SurfingSpots.framework; sourceTree = BUILT_PRODUCTS_DIR; };
		1821A5527CF6CFEA180C40A7 /* Pods-SurfingSpotsTests.release.xcconfig */ = {isa = PBXFileReference; includeInIndex = 1; lastKnownFileType = text.xcconfig; name = "Pods-SurfingSpotsTests.release.xcconfig"; path = "Target Support Files/Pods-SurfingSpotsTests/Pods-SurfingSpotsTests.release.xcconfig"; sourceTree = "<group>"; };
		1D10320C24EEB01500E73D93 /* HTTPServiceProtocol.swift */ = {isa = PBXFileReference; lastKnownFileType = sourcecode.swift; path = HTTPServiceProtocol.swift; sourceTree = "<group>"; };
		1D10320E24EEB02200E73D93 /* HTTPService.swift */ = {isa = PBXFileReference; lastKnownFileType = sourcecode.swift; path = HTTPService.swift; sourceTree = "<group>"; };
		1D10321124EEB0C400E73D93 /* HTTPServiceResponse.swift */ = {isa = PBXFileReference; lastKnownFileType = sourcecode.swift; path = HTTPServiceResponse.swift; sourceTree = "<group>"; };
		1D10321324EEB0F700E73D93 /* HTTPServiceError.swift */ = {isa = PBXFileReference; lastKnownFileType = sourcecode.swift; path = HTTPServiceError.swift; sourceTree = "<group>"; };
		1D10321524EEC78A00E73D93 /* HTTPServiceTests.swift */ = {isa = PBXFileReference; lastKnownFileType = sourcecode.swift; path = HTTPServiceTests.swift; sourceTree = "<group>"; };
		1D10321824EEDAB500E73D93 /* HTTPServiceMock.swift */ = {isa = PBXFileReference; lastKnownFileType = sourcecode.swift; path = HTTPServiceMock.swift; sourceTree = "<group>"; };
		1D10321D24EF9F7700E73D93 /* City.swift */ = {isa = PBXFileReference; lastKnownFileType = sourcecode.swift; path = City.swift; sourceTree = "<group>"; };
		1D10321F24EF9FA300E73D93 /* CityServiceProtocol.swift */ = {isa = PBXFileReference; lastKnownFileType = sourcecode.swift; path = CityServiceProtocol.swift; sourceTree = "<group>"; };
		1D10322124EF9FB200E73D93 /* CityService.swift */ = {isa = PBXFileReference; lastKnownFileType = sourcecode.swift; path = CityService.swift; sourceTree = "<group>"; };
		1D10322324EF9FE000E73D93 /* CityServiceConfig.swift */ = {isa = PBXFileReference; lastKnownFileType = sourcecode.swift; path = CityServiceConfig.swift; sourceTree = "<group>"; };
		1D10322524EFA04400E73D93 /* CityServiceError.swift */ = {isa = PBXFileReference; lastKnownFileType = sourcecode.swift; path = CityServiceError.swift; sourceTree = "<group>"; };
		1D10322724EFA7EB00E73D93 /* CityServiceTests.swift */ = {isa = PBXFileReference; lastKnownFileType = sourcecode.swift; path = CityServiceTests.swift; sourceTree = "<group>"; };
		1D10322924EFA8E500E73D93 /* Cities.swift */ = {isa = PBXFileReference; lastKnownFileType = sourcecode.swift; path = Cities.swift; sourceTree = "<group>"; };
		1D10322B24EFB2D400E73D93 /* CityServiceMock.swift */ = {isa = PBXFileReference; lastKnownFileType = sourcecode.swift; path = CityServiceMock.swift; sourceTree = "<group>"; };
		1D10323124EFB61400E73D93 /* CitiesViewModel.swift */ = {isa = PBXFileReference; lastKnownFileType = sourcecode.swift; path = CitiesViewModel.swift; sourceTree = "<group>"; };
		1D10323324EFB7E200E73D93 /* CityRow.swift */ = {isa = PBXFileReference; lastKnownFileType = sourcecode.swift; path = CityRow.swift; sourceTree = "<group>"; };
		1D10323524EFB93600E73D93 /* CityWeather.swift */ = {isa = PBXFileReference; lastKnownFileType = sourcecode.swift; path = CityWeather.swift; sourceTree = "<group>"; };
		1D10323724EFBA1800E73D93 /* WeatherCondition.swift */ = {isa = PBXFileReference; lastKnownFileType = sourcecode.swift; path = WeatherCondition.swift; sourceTree = "<group>"; };
		1D13178924EFE98E0046BFE6 /* ActivityIndicator.swift */ = {isa = PBXFileReference; lastKnownFileType = sourcecode.swift; path = ActivityIndicator.swift; sourceTree = "<group>"; };
		1D59ECE424EE7AE800765B89 /* SurfingSpots.app */ = {isa = PBXFileReference; explicitFileType = wrapper.application; includeInIndex = 0; path = SurfingSpots.app; sourceTree = BUILT_PRODUCTS_DIR; };
		1D59ECE724EE7AE800765B89 /* AppDelegate.swift */ = {isa = PBXFileReference; lastKnownFileType = sourcecode.swift; path = AppDelegate.swift; sourceTree = "<group>"; };
		1D59ECE924EE7AE800765B89 /* SceneDelegate.swift */ = {isa = PBXFileReference; lastKnownFileType = sourcecode.swift; path = SceneDelegate.swift; sourceTree = "<group>"; };
		1D59ECEB24EE7AE800765B89 /* CitiesView.swift */ = {isa = PBXFileReference; lastKnownFileType = sourcecode.swift; path = CitiesView.swift; sourceTree = "<group>"; };
		1D59ECED24EE7AE900765B89 /* Assets.xcassets */ = {isa = PBXFileReference; lastKnownFileType = folder.assetcatalog; path = Assets.xcassets; sourceTree = "<group>"; };
		1D59ECF024EE7AE900765B89 /* Preview Assets.xcassets */ = {isa = PBXFileReference; lastKnownFileType = folder.assetcatalog; path = "Preview Assets.xcassets"; sourceTree = "<group>"; };
		1D59ECF324EE7AE900765B89 /* Base */ = {isa = PBXFileReference; lastKnownFileType = file.storyboard; name = Base; path = Base.lproj/LaunchScreen.storyboard; sourceTree = "<group>"; };
		1D59ECF524EE7AE900765B89 /* Info.plist */ = {isa = PBXFileReference; lastKnownFileType = text.plist.xml; path = Info.plist; sourceTree = "<group>"; };
		1D59ECFA24EE7AE900765B89 /* SurfingSpotsTests.xctest */ = {isa = PBXFileReference; explicitFileType = wrapper.cfbundle; includeInIndex = 0; path = SurfingSpotsTests.xctest; sourceTree = BUILT_PRODUCTS_DIR; };
		1D59ECFE24EE7AE900765B89 /* SurfingSpotsTests.swift */ = {isa = PBXFileReference; lastKnownFileType = sourcecode.swift; path = SurfingSpotsTests.swift; sourceTree = "<group>"; };
		1D59ED0024EE7AE900765B89 /* Info.plist */ = {isa = PBXFileReference; lastKnownFileType = text.plist.xml; path = Info.plist; sourceTree = "<group>"; };
		1D59ED0524EE7AE900765B89 /* SurfingSpotsUITests.xctest */ = {isa = PBXFileReference; explicitFileType = wrapper.cfbundle; includeInIndex = 0; path = SurfingSpotsUITests.xctest; sourceTree = BUILT_PRODUCTS_DIR; };
		1D59ED0924EE7AE900765B89 /* SurfingSpotsUITests.swift */ = {isa = PBXFileReference; lastKnownFileType = sourcecode.swift; path = SurfingSpotsUITests.swift; sourceTree = "<group>"; };
		1D59ED0B24EE7AE900765B89 /* Info.plist */ = {isa = PBXFileReference; lastKnownFileType = text.plist.xml; path = Info.plist; sourceTree = "<group>"; };
		38B2F676E428B60302C5E262 /* Pods_SurfingSpots_SurfingSpotsUITests.framework */ = {isa = PBXFileReference; explicitFileType = wrapper.framework; includeInIndex = 0; path = Pods_SurfingSpots_SurfingSpotsUITests.framework; sourceTree = BUILT_PRODUCTS_DIR; };
		6D96C2EA2E9548C0710D7B7F /* Pods-SurfingSpots-SurfingSpotsUITests.release.xcconfig */ = {isa = PBXFileReference; includeInIndex = 1; lastKnownFileType = text.xcconfig; name = "Pods-SurfingSpots-SurfingSpotsUITests.release.xcconfig"; path = "Target Support Files/Pods-SurfingSpots-SurfingSpotsUITests/Pods-SurfingSpots-SurfingSpotsUITests.release.xcconfig"; sourceTree = "<group>"; };
		97A0098789D047E013B8318C /* Pods_SurfingSpotsTests.framework */ = {isa = PBXFileReference; explicitFileType = wrapper.framework; includeInIndex = 0; path = Pods_SurfingSpotsTests.framework; sourceTree = BUILT_PRODUCTS_DIR; };
		9ECC61A9F079E4E085CB9673 /* Pods-SurfingSpotsTests.debug.xcconfig */ = {isa = PBXFileReference; includeInIndex = 1; lastKnownFileType = text.xcconfig; name = "Pods-SurfingSpotsTests.debug.xcconfig"; path = "Target Support Files/Pods-SurfingSpotsTests/Pods-SurfingSpotsTests.debug.xcconfig"; sourceTree = "<group>"; };
		A0A75F2757483BDB3F475D36 /* Pods-SurfingSpots.debug.xcconfig */ = {isa = PBXFileReference; includeInIndex = 1; lastKnownFileType = text.xcconfig; name = "Pods-SurfingSpots.debug.xcconfig"; path = "Target Support Files/Pods-SurfingSpots/Pods-SurfingSpots.debug.xcconfig"; sourceTree = "<group>"; };
		AFE84D7C0E9DDCB3856FF959 /* Pods-SurfingSpots-SurfingSpotsUITests.debug.xcconfig */ = {isa = PBXFileReference; includeInIndex = 1; lastKnownFileType = text.xcconfig; name = "Pods-SurfingSpots-SurfingSpotsUITests.debug.xcconfig"; path = "Target Support Files/Pods-SurfingSpots-SurfingSpotsUITests/Pods-SurfingSpots-SurfingSpotsUITests.debug.xcconfig"; sourceTree = "<group>"; };
		D6C9EA3AE35DE7879C299F25 /* Pods-SurfingSpots.release.xcconfig */ = {isa = PBXFileReference; includeInIndex = 1; lastKnownFileType = text.xcconfig; name = "Pods-SurfingSpots.release.xcconfig"; path = "Target Support Files/Pods-SurfingSpots/Pods-SurfingSpots.release.xcconfig"; sourceTree = "<group>"; };
/* End PBXFileReference section */

/* Begin PBXFrameworksBuildPhase section */
		1D59ECE124EE7AE800765B89 /* Frameworks */ = {
			isa = PBXFrameworksBuildPhase;
			buildActionMask = 2147483647;
			files = (
				E6083DB22F2ED752CA37209B /* Pods_SurfingSpots.framework in Frameworks */,
			);
			runOnlyForDeploymentPostprocessing = 0;
		};
		1D59ECF724EE7AE900765B89 /* Frameworks */ = {
			isa = PBXFrameworksBuildPhase;
			buildActionMask = 2147483647;
			files = (
				A86BD2217FF5D60094892D62 /* Pods_SurfingSpotsTests.framework in Frameworks */,
			);
			runOnlyForDeploymentPostprocessing = 0;
		};
		1D59ED0224EE7AE900765B89 /* Frameworks */ = {
			isa = PBXFrameworksBuildPhase;
			buildActionMask = 2147483647;
			files = (
				E153E1FA7D95D2C01948497E /* Pods_SurfingSpots_SurfingSpotsUITests.framework in Frameworks */,
			);
			runOnlyForDeploymentPostprocessing = 0;
		};
/* End PBXFrameworksBuildPhase section */

/* Begin PBXGroup section */
		1D10320A24EEAFED00E73D93 /* Services */ = {
			isa = PBXGroup;
			children = (
				1D10321B24EF9F1500E73D93 /* CityService */,
				1D10320B24EEAFFC00E73D93 /* HTTPService */,
			);
			path = Services;
			sourceTree = "<group>";
		};
		1D10320B24EEAFFC00E73D93 /* HTTPService */ = {
			isa = PBXGroup;
			children = (
				1D10321024EEB0BC00E73D93 /* Entities */,
				1D10320C24EEB01500E73D93 /* HTTPServiceProtocol.swift */,
				1D10320E24EEB02200E73D93 /* HTTPService.swift */,
				1D10321324EEB0F700E73D93 /* HTTPServiceError.swift */,
			);
			path = HTTPService;
			sourceTree = "<group>";
		};
		1D10321024EEB0BC00E73D93 /* Entities */ = {
			isa = PBXGroup;
			children = (
				1D10321124EEB0C400E73D93 /* HTTPServiceResponse.swift */,
			);
			path = Entities;
			sourceTree = "<group>";
		};
		1D10321724EEDA9700E73D93 /* Mocks */ = {
			isa = PBXGroup;
			children = (
				1D10321824EEDAB500E73D93 /* HTTPServiceMock.swift */,
				1D10322B24EFB2D400E73D93 /* CityServiceMock.swift */,
			);
			path = Mocks;
			sourceTree = "<group>";
		};
		1D10321B24EF9F1500E73D93 /* CityService */ = {
			isa = PBXGroup;
			children = (
				1D10321C24EF9F4E00E73D93 /* Entities */,
				1D10321F24EF9FA300E73D93 /* CityServiceProtocol.swift */,
				1D10322124EF9FB200E73D93 /* CityService.swift */,
				1D10322324EF9FE000E73D93 /* CityServiceConfig.swift */,
				1D10322524EFA04400E73D93 /* CityServiceError.swift */,
			);
			path = CityService;
			sourceTree = "<group>";
		};
		1D10321C24EF9F4E00E73D93 /* Entities */ = {
			isa = PBXGroup;
			children = (
				1D10321D24EF9F7700E73D93 /* City.swift */,
				1D10322924EFA8E500E73D93 /* Cities.swift */,
			);
			path = Entities;
			sourceTree = "<group>";
		};
		1D10322D24EFB4B400E73D93 /* Modules */ = {
			isa = PBXGroup;
			children = (
				1D10323024EFB4E300E73D93 /* Cities */,
			);
			path = Modules;
			sourceTree = "<group>";
		};
		1D10322F24EFB4D500E73D93 /* Entities */ = {
			isa = PBXGroup;
			children = (
				1D10323524EFB93600E73D93 /* CityWeather.swift */,
				1D10323724EFBA1800E73D93 /* WeatherCondition.swift */,
			);
			path = Entities;
			sourceTree = "<group>";
		};
		1D10323024EFB4E300E73D93 /* Cities */ = {
			isa = PBXGroup;
			children = (
				1D10323324EFB7E200E73D93 /* CityRow.swift */,
				1D59ECEB24EE7AE800765B89 /* CitiesView.swift */,
				1D10323124EFB61400E73D93 /* CitiesViewModel.swift */,
			);
			path = Cities;
			sourceTree = "<group>";
		};
		1D13178824EFE97E0046BFE6 /* Extensions */ = {
			isa = PBXGroup;
			children = (
				1D13178924EFE98E0046BFE6 /* ActivityIndicator.swift */,
			);
			path = Extensions;
			sourceTree = "<group>";
		};
		1D59ECDB24EE7AE800765B89 = {
			isa = PBXGroup;
			children = (
				1D59ECE624EE7AE800765B89 /* SurfingSpots */,
				1D59ECFD24EE7AE900765B89 /* SurfingSpotsTests */,
				1D59ED0824EE7AE900765B89 /* SurfingSpotsUITests */,
				1D59ECE524EE7AE800765B89 /* Products */,
				3C079E5D7F42532B570BD58B /* Pods */,
				BEDF6D89C630EBBE55EDEC43 /* Frameworks */,
			);
			sourceTree = "<group>";
		};
		1D59ECE524EE7AE800765B89 /* Products */ = {
			isa = PBXGroup;
			children = (
				1D59ECE424EE7AE800765B89 /* SurfingSpots.app */,
				1D59ECFA24EE7AE900765B89 /* SurfingSpotsTests.xctest */,
				1D59ED0524EE7AE900765B89 /* SurfingSpotsUITests.xctest */,
			);
			name = Products;
			sourceTree = "<group>";
		};
		1D59ECE624EE7AE800765B89 /* SurfingSpots */ = {
			isa = PBXGroup;
			children = (
				1D13178824EFE97E0046BFE6 /* Extensions */,
				1D59ECE724EE7AE800765B89 /* AppDelegate.swift */,
				1D59ECE924EE7AE800765B89 /* SceneDelegate.swift */,
				1D10322F24EFB4D500E73D93 /* Entities */,
				1D10322D24EFB4B400E73D93 /* Modules */,
				1D10320A24EEAFED00E73D93 /* Services */,
				1D10321724EEDA9700E73D93 /* Mocks */,
				1D59ECED24EE7AE900765B89 /* Assets.xcassets */,
				1D59ECF224EE7AE900765B89 /* LaunchScreen.storyboard */,
				1D59ECF524EE7AE900765B89 /* Info.plist */,
				1D59ECEF24EE7AE900765B89 /* Preview Content */,
			);
			path = SurfingSpots;
			sourceTree = "<group>";
		};
		1D59ECEF24EE7AE900765B89 /* Preview Content */ = {
			isa = PBXGroup;
			children = (
				1D59ECF024EE7AE900765B89 /* Preview Assets.xcassets */,
			);
			path = "Preview Content";
			sourceTree = "<group>";
		};
		1D59ECFD24EE7AE900765B89 /* SurfingSpotsTests */ = {
			isa = PBXGroup;
			children = (
				1D59ECFE24EE7AE900765B89 /* SurfingSpotsTests.swift */,
				1D59ED0024EE7AE900765B89 /* Info.plist */,
				1D10321524EEC78A00E73D93 /* HTTPServiceTests.swift */,
				1D10322724EFA7EB00E73D93 /* CityServiceTests.swift */,
			);
			path = SurfingSpotsTests;
			sourceTree = "<group>";
		};
		1D59ED0824EE7AE900765B89 /* SurfingSpotsUITests */ = {
			isa = PBXGroup;
			children = (
				1D59ED0924EE7AE900765B89 /* SurfingSpotsUITests.swift */,
				1D59ED0B24EE7AE900765B89 /* Info.plist */,
			);
			path = SurfingSpotsUITests;
			sourceTree = "<group>";
		};
		3C079E5D7F42532B570BD58B /* Pods */ = {
			isa = PBXGroup;
			children = (
				A0A75F2757483BDB3F475D36 /* Pods-SurfingSpots.debug.xcconfig */,
				D6C9EA3AE35DE7879C299F25 /* Pods-SurfingSpots.release.xcconfig */,
				AFE84D7C0E9DDCB3856FF959 /* Pods-SurfingSpots-SurfingSpotsUITests.debug.xcconfig */,
				6D96C2EA2E9548C0710D7B7F /* Pods-SurfingSpots-SurfingSpotsUITests.release.xcconfig */,
				9ECC61A9F079E4E085CB9673 /* Pods-SurfingSpotsTests.debug.xcconfig */,
				1821A5527CF6CFEA180C40A7 /* Pods-SurfingSpotsTests.release.xcconfig */,
			);
			path = Pods;
			sourceTree = "<group>";
		};
		BEDF6D89C630EBBE55EDEC43 /* Frameworks */ = {
			isa = PBXGroup;
			children = (
				064ED41C88C140AF5B962DEE /* Pods_SurfingSpots.framework */,
				38B2F676E428B60302C5E262 /* Pods_SurfingSpots_SurfingSpotsUITests.framework */,
				97A0098789D047E013B8318C /* Pods_SurfingSpotsTests.framework */,
			);
			name = Frameworks;
			sourceTree = "<group>";
		};
/* End PBXGroup section */

/* Begin PBXNativeTarget section */
		1D59ECE324EE7AE800765B89 /* SurfingSpots */ = {
			isa = PBXNativeTarget;
			buildConfigurationList = 1D59ED0E24EE7AE900765B89 /* Build configuration list for PBXNativeTarget "SurfingSpots" */;
			buildPhases = (
				C0CD4E08641F9810A380BFF9 /* [CP] Check Pods Manifest.lock */,
				1D59ECE024EE7AE800765B89 /* Sources */,
				1D59ECE124EE7AE800765B89 /* Frameworks */,
				1D59ECE224EE7AE800765B89 /* Resources */,
			);
			buildRules = (
			);
			dependencies = (
			);
			name = SurfingSpots;
			productName = SurfingSpots;
			productReference = 1D59ECE424EE7AE800765B89 /* SurfingSpots.app */;
			productType = "com.apple.product-type.application";
		};
		1D59ECF924EE7AE900765B89 /* SurfingSpotsTests */ = {
			isa = PBXNativeTarget;
			buildConfigurationList = 1D59ED1124EE7AE900765B89 /* Build configuration list for PBXNativeTarget "SurfingSpotsTests" */;
			buildPhases = (
				590D0462C5CEDE76B9C935E9 /* [CP] Check Pods Manifest.lock */,
				1D59ECF624EE7AE900765B89 /* Sources */,
				1D59ECF724EE7AE900765B89 /* Frameworks */,
				1D59ECF824EE7AE900765B89 /* Resources */,
			);
			buildRules = (
			);
			dependencies = (
				1D59ECFC24EE7AE900765B89 /* PBXTargetDependency */,
			);
			name = SurfingSpotsTests;
			productName = SurfingSpotsTests;
			productReference = 1D59ECFA24EE7AE900765B89 /* SurfingSpotsTests.xctest */;
			productType = "com.apple.product-type.bundle.unit-test";
		};
		1D59ED0424EE7AE900765B89 /* SurfingSpotsUITests */ = {
			isa = PBXNativeTarget;
			buildConfigurationList = 1D59ED1424EE7AE900765B89 /* Build configuration list for PBXNativeTarget "SurfingSpotsUITests" */;
			buildPhases = (
				D62A93D9FF7BF119FDB0B6F6 /* [CP] Check Pods Manifest.lock */,
				1D59ED0124EE7AE900765B89 /* Sources */,
				1D59ED0224EE7AE900765B89 /* Frameworks */,
				1D59ED0324EE7AE900765B89 /* Resources */,
			);
			buildRules = (
			);
			dependencies = (
				1D59ED0724EE7AE900765B89 /* PBXTargetDependency */,
			);
			name = SurfingSpotsUITests;
			productName = SurfingSpotsUITests;
			productReference = 1D59ED0524EE7AE900765B89 /* SurfingSpotsUITests.xctest */;
			productType = "com.apple.product-type.bundle.ui-testing";
		};
/* End PBXNativeTarget section */

/* Begin PBXProject section */
		1D59ECDC24EE7AE800765B89 /* Project object */ = {
			isa = PBXProject;
			attributes = {
				LastSwiftUpdateCheck = 1160;
				LastUpgradeCheck = 1160;
				ORGANIZATIONNAME = "Andrea Cerra";
				TargetAttributes = {
					1D59ECE324EE7AE800765B89 = {
						CreatedOnToolsVersion = 11.6;
					};
					1D59ECF924EE7AE900765B89 = {
						CreatedOnToolsVersion = 11.6;
						TestTargetID = 1D59ECE324EE7AE800765B89;
					};
					1D59ED0424EE7AE900765B89 = {
						CreatedOnToolsVersion = 11.6;
						TestTargetID = 1D59ECE324EE7AE800765B89;
					};
				};
			};
			buildConfigurationList = 1D59ECDF24EE7AE800765B89 /* Build configuration list for PBXProject "SurfingSpots" */;
			compatibilityVersion = "Xcode 9.3";
			developmentRegion = en;
			hasScannedForEncodings = 0;
			knownRegions = (
				en,
				Base,
			);
			mainGroup = 1D59ECDB24EE7AE800765B89;
			productRefGroup = 1D59ECE524EE7AE800765B89 /* Products */;
			projectDirPath = "";
			projectRoot = "";
			targets = (
				1D59ECE324EE7AE800765B89 /* SurfingSpots */,
				1D59ECF924EE7AE900765B89 /* SurfingSpotsTests */,
				1D59ED0424EE7AE900765B89 /* SurfingSpotsUITests */,
			);
		};
/* End PBXProject section */

/* Begin PBXResourcesBuildPhase section */
		1D59ECE224EE7AE800765B89 /* Resources */ = {
			isa = PBXResourcesBuildPhase;
			buildActionMask = 2147483647;
			files = (
				1D59ECF424EE7AE900765B89 /* LaunchScreen.storyboard in Resources */,
				1D59ECF124EE7AE900765B89 /* Preview Assets.xcassets in Resources */,
				1D59ECEE24EE7AE900765B89 /* Assets.xcassets in Resources */,
			);
			runOnlyForDeploymentPostprocessing = 0;
		};
		1D59ECF824EE7AE900765B89 /* Resources */ = {
			isa = PBXResourcesBuildPhase;
			buildActionMask = 2147483647;
			files = (
			);
			runOnlyForDeploymentPostprocessing = 0;
		};
		1D59ED0324EE7AE900765B89 /* Resources */ = {
			isa = PBXResourcesBuildPhase;
			buildActionMask = 2147483647;
			files = (
			);
			runOnlyForDeploymentPostprocessing = 0;
		};
/* End PBXResourcesBuildPhase section */

/* Begin PBXShellScriptBuildPhase section */
		590D0462C5CEDE76B9C935E9 /* [CP] Check Pods Manifest.lock */ = {
			isa = PBXShellScriptBuildPhase;
			buildActionMask = 2147483647;
			files = (
			);
			inputFileListPaths = (
			);
			inputPaths = (
				"${PODS_PODFILE_DIR_PATH}/Podfile.lock",
				"${PODS_ROOT}/Manifest.lock",
			);
			name = "[CP] Check Pods Manifest.lock";
			outputFileListPaths = (
			);
			outputPaths = (
				"$(DERIVED_FILE_DIR)/Pods-SurfingSpotsTests-checkManifestLockResult.txt",
			);
			runOnlyForDeploymentPostprocessing = 0;
			shellPath = /bin/sh;
			shellScript = "diff \"${PODS_PODFILE_DIR_PATH}/Podfile.lock\" \"${PODS_ROOT}/Manifest.lock\" > /dev/null\nif [ $? != 0 ] ; then\n    # print error to STDERR\n    echo \"error: The sandbox is not in sync with the Podfile.lock. Run 'pod install' or update your CocoaPods installation.\" >&2\n    exit 1\nfi\n# This output is used by Xcode 'outputs' to avoid re-running this script phase.\necho \"SUCCESS\" > \"${SCRIPT_OUTPUT_FILE_0}\"\n";
			showEnvVarsInLog = 0;
		};
		C0CD4E08641F9810A380BFF9 /* [CP] Check Pods Manifest.lock */ = {
			isa = PBXShellScriptBuildPhase;
			buildActionMask = 2147483647;
			files = (
			);
			inputFileListPaths = (
			);
			inputPaths = (
				"${PODS_PODFILE_DIR_PATH}/Podfile.lock",
				"${PODS_ROOT}/Manifest.lock",
			);
			name = "[CP] Check Pods Manifest.lock";
			outputFileListPaths = (
			);
			outputPaths = (
				"$(DERIVED_FILE_DIR)/Pods-SurfingSpots-checkManifestLockResult.txt",
			);
			runOnlyForDeploymentPostprocessing = 0;
			shellPath = /bin/sh;
			shellScript = "diff \"${PODS_PODFILE_DIR_PATH}/Podfile.lock\" \"${PODS_ROOT}/Manifest.lock\" > /dev/null\nif [ $? != 0 ] ; then\n    # print error to STDERR\n    echo \"error: The sandbox is not in sync with the Podfile.lock. Run 'pod install' or update your CocoaPods installation.\" >&2\n    exit 1\nfi\n# This output is used by Xcode 'outputs' to avoid re-running this script phase.\necho \"SUCCESS\" > \"${SCRIPT_OUTPUT_FILE_0}\"\n";
			showEnvVarsInLog = 0;
		};
		D62A93D9FF7BF119FDB0B6F6 /* [CP] Check Pods Manifest.lock */ = {
			isa = PBXShellScriptBuildPhase;
			buildActionMask = 2147483647;
			files = (
			);
			inputFileListPaths = (
			);
			inputPaths = (
				"${PODS_PODFILE_DIR_PATH}/Podfile.lock",
				"${PODS_ROOT}/Manifest.lock",
			);
			name = "[CP] Check Pods Manifest.lock";
			outputFileListPaths = (
			);
			outputPaths = (
				"$(DERIVED_FILE_DIR)/Pods-SurfingSpots-SurfingSpotsUITests-checkManifestLockResult.txt",
			);
			runOnlyForDeploymentPostprocessing = 0;
			shellPath = /bin/sh;
			shellScript = "diff \"${PODS_PODFILE_DIR_PATH}/Podfile.lock\" \"${PODS_ROOT}/Manifest.lock\" > /dev/null\nif [ $? != 0 ] ; then\n    # print error to STDERR\n    echo \"error: The sandbox is not in sync with the Podfile.lock. Run 'pod install' or update your CocoaPods installation.\" >&2\n    exit 1\nfi\n# This output is used by Xcode 'outputs' to avoid re-running this script phase.\necho \"SUCCESS\" > \"${SCRIPT_OUTPUT_FILE_0}\"\n";
			showEnvVarsInLog = 0;
		};
/* End PBXShellScriptBuildPhase section */

/* Begin PBXSourcesBuildPhase section */
		1D59ECE024EE7AE800765B89 /* Sources */ = {
			isa = PBXSourcesBuildPhase;
			buildActionMask = 2147483647;
			files = (
				1D10322024EF9FA300E73D93 /* CityServiceProtocol.swift in Sources */,
				1D10320F24EEB02200E73D93 /* HTTPService.swift in Sources */,
				1D59ECE824EE7AE800765B89 /* AppDelegate.swift in Sources */,
				1D10321E24EF9F7700E73D93 /* City.swift in Sources */,
				1D10322C24EFB2D400E73D93 /* CityServiceMock.swift in Sources */,
				1D10322A24EFA8E500E73D93 /* Cities.swift in Sources */,
				1D59ECEA24EE7AE800765B89 /* SceneDelegate.swift in Sources */,
				1D10323824EFBA1800E73D93 /* WeatherCondition.swift in Sources */,
				1D10321A24EEDD4400E73D93 /* HTTPServiceMock.swift in Sources */,
				1D10322224EF9FB200E73D93 /* CityService.swift in Sources */,
				1D10323624EFB93600E73D93 /* CityWeather.swift in Sources */,
				1D59ECEC24EE7AE800765B89 /* CitiesView.swift in Sources */,
				1D10321224EEB0C400E73D93 /* HTTPServiceResponse.swift in Sources */,
				1D10322624EFA04400E73D93 /* CityServiceError.swift in Sources */,
				1D10320D24EEB01500E73D93 /* HTTPServiceProtocol.swift in Sources */,
				1D10323224EFB61400E73D93 /* CitiesViewModel.swift in Sources */,
				1D13178A24EFE98E0046BFE6 /* ActivityIndicator.swift in Sources */,
				1D10322424EF9FE000E73D93 /* CityServiceConfig.swift in Sources */,
				1D10323424EFB7E200E73D93 /* CityRow.swift in Sources */,
				1D10321424EEB0F700E73D93 /* HTTPServiceError.swift in Sources */,
			);
			runOnlyForDeploymentPostprocessing = 0;
		};
		1D59ECF624EE7AE900765B89 /* Sources */ = {
			isa = PBXSourcesBuildPhase;
			buildActionMask = 2147483647;
			files = (
				1D59ECFF24EE7AE900765B89 /* SurfingSpotsTests.swift in Sources */,
				1D10322824EFA7EB00E73D93 /* CityServiceTests.swift in Sources */,
				1D10321624EEC78A00E73D93 /* HTTPServiceTests.swift in Sources */,
			);
			runOnlyForDeploymentPostprocessing = 0;
		};
		1D59ED0124EE7AE900765B89 /* Sources */ = {
			isa = PBXSourcesBuildPhase;
			buildActionMask = 2147483647;
			files = (
				1D59ED0A24EE7AE900765B89 /* SurfingSpotsUITests.swift in Sources */,
			);
			runOnlyForDeploymentPostprocessing = 0;
		};
/* End PBXSourcesBuildPhase section */

/* Begin PBXTargetDependency section */
		1D59ECFC24EE7AE900765B89 /* PBXTargetDependency */ = {
			isa = PBXTargetDependency;
			target = 1D59ECE324EE7AE800765B89 /* SurfingSpots */;
			targetProxy = 1D59ECFB24EE7AE900765B89 /* PBXContainerItemProxy */;
		};
		1D59ED0724EE7AE900765B89 /* PBXTargetDependency */ = {
			isa = PBXTargetDependency;
			target = 1D59ECE324EE7AE800765B89 /* SurfingSpots */;
			targetProxy = 1D59ED0624EE7AE900765B89 /* PBXContainerItemProxy */;
		};
/* End PBXTargetDependency section */

/* Begin PBXVariantGroup section */
		1D59ECF224EE7AE900765B89 /* LaunchScreen.storyboard */ = {
			isa = PBXVariantGroup;
			children = (
				1D59ECF324EE7AE900765B89 /* Base */,
			);
			name = LaunchScreen.storyboard;
			sourceTree = "<group>";
		};
/* End PBXVariantGroup section */

/* Begin XCBuildConfiguration section */
		1D59ED0C24EE7AE900765B89 /* Debug */ = {
			isa = XCBuildConfiguration;
			buildSettings = {
				ALWAYS_SEARCH_USER_PATHS = NO;
				CLANG_ANALYZER_NONNULL = YES;
				CLANG_ANALYZER_NUMBER_OBJECT_CONVERSION = YES_AGGRESSIVE;
				CLANG_CXX_LANGUAGE_STANDARD = "gnu++14";
				CLANG_CXX_LIBRARY = "libc++";
				CLANG_ENABLE_MODULES = YES;
				CLANG_ENABLE_OBJC_ARC = YES;
				CLANG_ENABLE_OBJC_WEAK = YES;
				CLANG_WARN_BLOCK_CAPTURE_AUTORELEASING = YES;
				CLANG_WARN_BOOL_CONVERSION = YES;
				CLANG_WARN_COMMA = YES;
				CLANG_WARN_CONSTANT_CONVERSION = YES;
				CLANG_WARN_DEPRECATED_OBJC_IMPLEMENTATIONS = YES;
				CLANG_WARN_DIRECT_OBJC_ISA_USAGE = YES_ERROR;
				CLANG_WARN_DOCUMENTATION_COMMENTS = YES;
				CLANG_WARN_EMPTY_BODY = YES;
				CLANG_WARN_ENUM_CONVERSION = YES;
				CLANG_WARN_INFINITE_RECURSION = YES;
				CLANG_WARN_INT_CONVERSION = YES;
				CLANG_WARN_NON_LITERAL_NULL_CONVERSION = YES;
				CLANG_WARN_OBJC_IMPLICIT_RETAIN_SELF = YES;
				CLANG_WARN_OBJC_LITERAL_CONVERSION = YES;
				CLANG_WARN_OBJC_ROOT_CLASS = YES_ERROR;
				CLANG_WARN_RANGE_LOOP_ANALYSIS = YES;
				CLANG_WARN_STRICT_PROTOTYPES = YES;
				CLANG_WARN_SUSPICIOUS_MOVE = YES;
				CLANG_WARN_UNGUARDED_AVAILABILITY = YES_AGGRESSIVE;
				CLANG_WARN_UNREACHABLE_CODE = YES;
				CLANG_WARN__DUPLICATE_METHOD_MATCH = YES;
				COPY_PHASE_STRIP = NO;
				DEBUG_INFORMATION_FORMAT = dwarf;
				ENABLE_STRICT_OBJC_MSGSEND = YES;
				ENABLE_TESTABILITY = YES;
				GCC_C_LANGUAGE_STANDARD = gnu11;
				GCC_DYNAMIC_NO_PIC = NO;
				GCC_NO_COMMON_BLOCKS = YES;
				GCC_OPTIMIZATION_LEVEL = 0;
				GCC_PREPROCESSOR_DEFINITIONS = (
					"DEBUG=1",
					"$(inherited)",
				);
				GCC_WARN_64_TO_32_BIT_CONVERSION = YES;
				GCC_WARN_ABOUT_RETURN_TYPE = YES_ERROR;
				GCC_WARN_UNDECLARED_SELECTOR = YES;
				GCC_WARN_UNINITIALIZED_AUTOS = YES_AGGRESSIVE;
				GCC_WARN_UNUSED_FUNCTION = YES;
				GCC_WARN_UNUSED_VARIABLE = YES;
				IPHONEOS_DEPLOYMENT_TARGET = 13.6;
				MTL_ENABLE_DEBUG_INFO = INCLUDE_SOURCE;
				MTL_FAST_MATH = YES;
				ONLY_ACTIVE_ARCH = YES;
				SDKROOT = iphoneos;
				SWIFT_ACTIVE_COMPILATION_CONDITIONS = DEBUG;
				SWIFT_OPTIMIZATION_LEVEL = "-Onone";
			};
			name = Debug;
		};
		1D59ED0D24EE7AE900765B89 /* Release */ = {
			isa = XCBuildConfiguration;
			buildSettings = {
				ALWAYS_SEARCH_USER_PATHS = NO;
				CLANG_ANALYZER_NONNULL = YES;
				CLANG_ANALYZER_NUMBER_OBJECT_CONVERSION = YES_AGGRESSIVE;
				CLANG_CXX_LANGUAGE_STANDARD = "gnu++14";
				CLANG_CXX_LIBRARY = "libc++";
				CLANG_ENABLE_MODULES = YES;
				CLANG_ENABLE_OBJC_ARC = YES;
				CLANG_ENABLE_OBJC_WEAK = YES;
				CLANG_WARN_BLOCK_CAPTURE_AUTORELEASING = YES;
				CLANG_WARN_BOOL_CONVERSION = YES;
				CLANG_WARN_COMMA = YES;
				CLANG_WARN_CONSTANT_CONVERSION = YES;
				CLANG_WARN_DEPRECATED_OBJC_IMPLEMENTATIONS = YES;
				CLANG_WARN_DIRECT_OBJC_ISA_USAGE = YES_ERROR;
				CLANG_WARN_DOCUMENTATION_COMMENTS = YES;
				CLANG_WARN_EMPTY_BODY = YES;
				CLANG_WARN_ENUM_CONVERSION = YES;
				CLANG_WARN_INFINITE_RECURSION = YES;
				CLANG_WARN_INT_CONVERSION = YES;
				CLANG_WARN_NON_LITERAL_NULL_CONVERSION = YES;
				CLANG_WARN_OBJC_IMPLICIT_RETAIN_SELF = YES;
				CLANG_WARN_OBJC_LITERAL_CONVERSION = YES;
				CLANG_WARN_OBJC_ROOT_CLASS = YES_ERROR;
				CLANG_WARN_RANGE_LOOP_ANALYSIS = YES;
				CLANG_WARN_STRICT_PROTOTYPES = YES;
				CLANG_WARN_SUSPICIOUS_MOVE = YES;
				CLANG_WARN_UNGUARDED_AVAILABILITY = YES_AGGRESSIVE;
				CLANG_WARN_UNREACHABLE_CODE = YES;
				CLANG_WARN__DUPLICATE_METHOD_MATCH = YES;
				COPY_PHASE_STRIP = NO;
				DEBUG_INFORMATION_FORMAT = "dwarf-with-dsym";
				ENABLE_NS_ASSERTIONS = NO;
				ENABLE_STRICT_OBJC_MSGSEND = YES;
				GCC_C_LANGUAGE_STANDARD = gnu11;
				GCC_NO_COMMON_BLOCKS = YES;
				GCC_WARN_64_TO_32_BIT_CONVERSION = YES;
				GCC_WARN_ABOUT_RETURN_TYPE = YES_ERROR;
				GCC_WARN_UNDECLARED_SELECTOR = YES;
				GCC_WARN_UNINITIALIZED_AUTOS = YES_AGGRESSIVE;
				GCC_WARN_UNUSED_FUNCTION = YES;
				GCC_WARN_UNUSED_VARIABLE = YES;
				IPHONEOS_DEPLOYMENT_TARGET = 13.6;
				MTL_ENABLE_DEBUG_INFO = NO;
				MTL_FAST_MATH = YES;
				SDKROOT = iphoneos;
				SWIFT_COMPILATION_MODE = wholemodule;
				SWIFT_OPTIMIZATION_LEVEL = "-O";
				VALIDATE_PRODUCT = YES;
			};
			name = Release;
		};
		1D59ED0F24EE7AE900765B89 /* Debug */ = {
			isa = XCBuildConfiguration;
			baseConfigurationReference = A0A75F2757483BDB3F475D36 /* Pods-SurfingSpots.debug.xcconfig */;
			buildSettings = {
				ASSETCATALOG_COMPILER_APPICON_NAME = AppIcon;
				CODE_SIGN_STYLE = Automatic;
				DEVELOPMENT_ASSET_PATHS = "\"SurfingSpots/Preview Content\"";
				DEVELOPMENT_TEAM = 5SAN32BM2P;
				ENABLE_PREVIEWS = YES;
				INFOPLIST_FILE = SurfingSpots/Info.plist;
				IPHONEOS_DEPLOYMENT_TARGET = 13.0;
				LD_RUNPATH_SEARCH_PATHS = (
					"$(inherited)",
					"@executable_path/Frameworks",
				);
				PRODUCT_BUNDLE_IDENTIFIER = com.testapp.SurfingSpots;
				PRODUCT_NAME = "$(TARGET_NAME)";
				SWIFT_VERSION = 5.0;
				TARGETED_DEVICE_FAMILY = "1,2";
			};
			name = Debug;
		};
		1D59ED1024EE7AE900765B89 /* Release */ = {
			isa = XCBuildConfiguration;
			baseConfigurationReference = D6C9EA3AE35DE7879C299F25 /* Pods-SurfingSpots.release.xcconfig */;
			buildSettings = {
				ASSETCATALOG_COMPILER_APPICON_NAME = AppIcon;
				CODE_SIGN_STYLE = Automatic;
				DEVELOPMENT_ASSET_PATHS = "\"SurfingSpots/Preview Content\"";
				DEVELOPMENT_TEAM = 5SAN32BM2P;
				ENABLE_PREVIEWS = YES;
				INFOPLIST_FILE = SurfingSpots/Info.plist;
				IPHONEOS_DEPLOYMENT_TARGET = 13.0;
				LD_RUNPATH_SEARCH_PATHS = (
					"$(inherited)",
					"@executable_path/Frameworks",
				);
				PRODUCT_BUNDLE_IDENTIFIER = com.testapp.SurfingSpots;
				PRODUCT_NAME = "$(TARGET_NAME)";
				SWIFT_VERSION = 5.0;
				TARGETED_DEVICE_FAMILY = "1,2";
			};
			name = Release;
		};
		1D59ED1224EE7AE900765B89 /* Debug */ = {
			isa = XCBuildConfiguration;
			baseConfigurationReference = 9ECC61A9F079E4E085CB9673 /* Pods-SurfingSpotsTests.debug.xcconfig */;
			buildSettings = {
				ALWAYS_EMBED_SWIFT_STANDARD_LIBRARIES = YES;
				BUNDLE_LOADER = "$(TEST_HOST)";
				CODE_SIGN_STYLE = Automatic;
				DEVELOPMENT_TEAM = 5SAN32BM2P;
				INFOPLIST_FILE = SurfingSpotsTests/Info.plist;
				IPHONEOS_DEPLOYMENT_TARGET = 13.6;
				LD_RUNPATH_SEARCH_PATHS = (
					"$(inherited)",
					"@executable_path/Frameworks",
					"@loader_path/Frameworks",
				);
				PRODUCT_BUNDLE_IDENTIFIER = com.testapp.SurfingSpotsTests;
				PRODUCT_NAME = "$(TARGET_NAME)";
				SWIFT_VERSION = 5.0;
				TARGETED_DEVICE_FAMILY = "1,2";
				TEST_HOST = "$(BUILT_PRODUCTS_DIR)/SurfingSpots.app/SurfingSpots";
			};
			name = Debug;
		};
		1D59ED1324EE7AE900765B89 /* Release */ = {
			isa = XCBuildConfiguration;
			baseConfigurationReference = 1821A5527CF6CFEA180C40A7 /* Pods-SurfingSpotsTests.release.xcconfig */;
			buildSettings = {
				ALWAYS_EMBED_SWIFT_STANDARD_LIBRARIES = YES;
				BUNDLE_LOADER = "$(TEST_HOST)";
				CODE_SIGN_STYLE = Automatic;
				DEVELOPMENT_TEAM = 5SAN32BM2P;
				INFOPLIST_FILE = SurfingSpotsTests/Info.plist;
				IPHONEOS_DEPLOYMENT_TARGET = 13.6;
				LD_RUNPATH_SEARCH_PATHS = (
					"$(inherited)",
					"@executable_path/Frameworks",
					"@loader_path/Frameworks",
				);
				PRODUCT_BUNDLE_IDENTIFIER = com.testapp.SurfingSpotsTests;
				PRODUCT_NAME = "$(TARGET_NAME)";
				SWIFT_VERSION = 5.0;
				TARGETED_DEVICE_FAMILY = "1,2";
				TEST_HOST = "$(BUILT_PRODUCTS_DIR)/SurfingSpots.app/SurfingSpots";
			};
			name = Release;
		};
		1D59ED1524EE7AE900765B89 /* Debug */ = {
			isa = XCBuildConfiguration;
			baseConfigurationReference = AFE84D7C0E9DDCB3856FF959 /* Pods-SurfingSpots-SurfingSpotsUITests.debug.xcconfig */;
			buildSettings = {
				ALWAYS_EMBED_SWIFT_STANDARD_LIBRARIES = YES;
				CODE_SIGN_STYLE = Automatic;
				DEVELOPMENT_TEAM = 5SAN32BM2P;
				INFOPLIST_FILE = SurfingSpotsUITests/Info.plist;
				LD_RUNPATH_SEARCH_PATHS = (
					"$(inherited)",
					"@executable_path/Frameworks",
					"@loader_path/Frameworks",
				);
				PRODUCT_BUNDLE_IDENTIFIER = com.testapp.SurfingSpotsUITests;
				PRODUCT_NAME = "$(TARGET_NAME)";
				SWIFT_VERSION = 5.0;
				TARGETED_DEVICE_FAMILY = "1,2";
				TEST_TARGET_NAME = SurfingSpots;
			};
			name = Debug;
		};
		1D59ED1624EE7AE900765B89 /* Release */ = {
			isa = XCBuildConfiguration;
			baseConfigurationReference = 6D96C2EA2E9548C0710D7B7F /* Pods-SurfingSpots-SurfingSpotsUITests.release.xcconfig */;
			buildSettings = {
				ALWAYS_EMBED_SWIFT_STANDARD_LIBRARIES = YES;
				CODE_SIGN_STYLE = Automatic;
				DEVELOPMENT_TEAM = 5SAN32BM2P;
				INFOPLIST_FILE = SurfingSpotsUITests/Info.plist;
				LD_RUNPATH_SEARCH_PATHS = (
					"$(inherited)",
					"@executable_path/Frameworks",
					"@loader_path/Frameworks",
				);
				PRODUCT_BUNDLE_IDENTIFIER = com.testapp.SurfingSpotsUITests;
				PRODUCT_NAME = "$(TARGET_NAME)";
				SWIFT_VERSION = 5.0;
				TARGETED_DEVICE_FAMILY = "1,2";
				TEST_TARGET_NAME = SurfingSpots;
			};
			name = Release;
		};
/* End XCBuildConfiguration section */

/* Begin XCConfigurationList section */
		1D59ECDF24EE7AE800765B89 /* Build configuration list for PBXProject "SurfingSpots" */ = {
			isa = XCConfigurationList;
			buildConfigurations = (
				1D59ED0C24EE7AE900765B89 /* Debug */,
				1D59ED0D24EE7AE900765B89 /* Release */,
			);
			defaultConfigurationIsVisible = 0;
			defaultConfigurationName = Release;
		};
		1D59ED0E24EE7AE900765B89 /* Build configuration list for PBXNativeTarget "SurfingSpots" */ = {
			isa = XCConfigurationList;
			buildConfigurations = (
				1D59ED0F24EE7AE900765B89 /* Debug */,
				1D59ED1024EE7AE900765B89 /* Release */,
			);
			defaultConfigurationIsVisible = 0;
			defaultConfigurationName = Release;
		};
		1D59ED1124EE7AE900765B89 /* Build configuration list for PBXNativeTarget "SurfingSpotsTests" */ = {
			isa = XCConfigurationList;
			buildConfigurations = (
				1D59ED1224EE7AE900765B89 /* Debug */,
				1D59ED1324EE7AE900765B89 /* Release */,
			);
			defaultConfigurationIsVisible = 0;
			defaultConfigurationName = Release;
		};
		1D59ED1424EE7AE900765B89 /* Build configuration list for PBXNativeTarget "SurfingSpotsUITests" */ = {
			isa = XCConfigurationList;
			buildConfigurations = (
				1D59ED1524EE7AE900765B89 /* Debug */,
				1D59ED1624EE7AE900765B89 /* Release */,
			);
			defaultConfigurationIsVisible = 0;
			defaultConfigurationName = Release;
		};
/* End XCConfigurationList section */
	};
	rootObject = 1D59ECDC24EE7AE800765B89 /* Project object */;
}
