// !$*UTF8*$!
{
	archiveVersion = 1;
	classes = {
	};
	objectVersion = 50;
	objects = {

/* Begin PBXBuildFile section */
		1D59ECE824EE7AE800765B89 /* AppDelegate.swift in Sources */ = {isa = PBXBuildFile; fileRef = 1D59ECE724EE7AE800765B89 /* AppDelegate.swift */; };
		1D59ECEA24EE7AE800765B89 /* SceneDelegate.swift in Sources */ = {isa = PBXBuildFile; fileRef = 1D59ECE924EE7AE800765B89 /* SceneDelegate.swift */; };
		1D59ECEC24EE7AE800765B89 /* ContentView.swift in Sources */ = {isa = PBXBuildFile; fileRef = 1D59ECEB24EE7AE800765B89 /* ContentView.swift */; };
		1D59ECEE24EE7AE900765B89 /* Assets.xcassets in Resources */ = {isa = PBXBuildFile; fileRef = 1D59ECED24EE7AE900765B89 /* Assets.xcassets */; };
		1D59ECF124EE7AE900765B89 /* Preview Assets.xcassets in Resources */ = {isa = PBXBuildFile; fileRef = 1D59ECF024EE7AE900765B89 /* Preview Assets.xcassets */; };
		1D59ECF424EE7AE900765B89 /* LaunchScreen.storyboard in Resources */ = {isa = PBXBuildFile; fileRef = 1D59ECF224EE7AE900765B89 /* LaunchScreen.storyboard */; };
		1D59ECFF24EE7AE900765B89 /* SurfingSpotsTests.swift in Sources */ = {isa = PBXBuildFile; fileRef = 1D59ECFE24EE7AE900765B89 /* SurfingSpotsTests.swift */; };
		1D59ED0A24EE7AE900765B89 /* SurfingSpotsUITests.swift in Sources */ = {isa = PBXBuildFile; fileRef = 1D59ED0924EE7AE900765B89 /* SurfingSpotsUITests.swift */; };
/* End PBXBuildFile section */

/* Begin PBXContainerItemProxy section */
		1D59ECFB24EE7AE900765B89 /* PBXContainerItemProxy */ = {
			isa = PBXContainerItemProxy;
			containerPortal = 1D59ECDC24EE7AE800765B89 /* Project object */;
			proxyType = 1;
			remoteGlobalIDString = 1D59ECE324EE7AE800765B89;
			remoteInfo = SurfingSpots;
		};
		1D59ED0624EE7AE900765B89 /* PBXContainerItemProxy */ = {
			isa = PBXContainerItemProxy;
			containerPortal = 1D59ECDC24EE7AE800765B89 /* Project object */;
			proxyType = 1;
			remoteGlobalIDString = 1D59ECE324EE7AE800765B89;
			remoteInfo = SurfingSpots;
		};
/* End PBXContainerItemProxy section */

/* Begin PBXFileReference section */
		1D59ECE424EE7AE800765B89 /* SurfingSpots.app */ = {isa = PBXFileReference; explicitFileType = wrapper.application; includeInIndex = 0; path = SurfingSpots.app; sourceTree = BUILT_PRODUCTS_DIR; };
		1D59ECE724EE7AE800765B89 /* AppDelegate.swift */ = {isa = PBXFileReference; lastKnownFileType = sourcecode.swift; path = AppDelegate.swift; sourceTree = "<group>"; };
		1D59ECE924EE7AE800765B89 /* SceneDelegate.swift */ = {isa = PBXFileReference; lastKnownFileType = sourcecode.swift; path = SceneDelegate.swift; sourceTree = "<group>"; };
		1D59ECEB24EE7AE800765B89 /* ContentView.swift */ = {isa = PBXFileReference; lastKnownFileType = sourcecode.swift; path = ContentView.swift; sourceTree = "<group>"; };
		1D59ECED24EE7AE900765B89 /* Assets.xcassets */ = {isa = PBXFileReference; lastKnownFileType = folder.assetcatalog; path = Assets.xcassets; sourceTree = "<group>"; };
		1D59ECF024EE7AE900765B89 /* Preview Assets.xcassets */ = {isa = PBXFileReference; lastKnownFileType = folder.assetcatalog; path = "Preview Assets.xcassets"; sourceTree = "<group>"; };
		1D59ECF324EE7AE900765B89 /* Base */ = {isa = PBXFileReference; lastKnownFileType = file.storyboard; name = Base; path = Base.lproj/LaunchScreen.storyboard; sourceTree = "<group>"; };
		1D59ECF524EE7AE900765B89 /* Info.plist */ = {isa = PBXFileReference; lastKnownFileType = text.plist.xml; path = Info.plist; sourceTree = "<group>"; };
		1D59ECFA24EE7AE900765B89 /* SurfingSpotsTests.xctest */ = {isa = PBXFileReference; explicitFileType = wrapper.cfbundle; includeInIndex = 0; path = SurfingSpotsTests.xctest; sourceTree = BUILT_PRODUCTS_DIR; };
		1D59ECFE24EE7AE900765B89 /* SurfingSpotsTests.swift */ = {isa = PBXFileReference; lastKnownFileType = sourcecode.swift; path = SurfingSpotsTests.swift; sourceTree = "<group>"; };
		1D59ED0024EE7AE900765B89 /* Info.plist */ = {isa = PBXFileReference; lastKnownFileType = text.plist.xml; path = Info.plist; sourceTree = "<group>"; };
		1D59ED0524EE7AE900765B89 /* SurfingSpotsUITests.xctest */ = {isa = PBXFileReference; explicitFileType = wrapper.cfbundle; includeInIndex = 0; path = SurfingSpotsUITests.xctest; sourceTree = BUILT_PRODUCTS_DIR; };
		1D59ED0924EE7AE900765B89 /* SurfingSpotsUITests.swift */ = {isa = PBXFileReference; lastKnownFileType = sourcecode.swift; path = SurfingSpotsUITests.swift; sourceTree = "<group>"; };
		1D59ED0B24EE7AE900765B89 /* Info.plist */ = {isa = PBXFileReference; lastKnownFileType = text.plist.xml; path = Info.plist; sourceTree = "<group>"; };
/* End PBXFileReference section */

/* Begin PBXFrameworksBuildPhase section */
		1D59ECE124EE7AE800765B89 /* Frameworks */ = {
			isa = PBXFrameworksBuildPhase;
			buildActionMask = 2147483647;
			files = (
			);
			runOnlyForDeploymentPostprocessing = 0;
		};
		1D59ECF724EE7AE900765B89 /* Frameworks */ = {
			isa = PBXFrameworksBuildPhase;
			buildActionMask = 2147483647;
			files = (
			);
			runOnlyForDeploymentPostprocessing = 0;
		};
		1D59ED0224EE7AE900765B89 /* Frameworks */ = {
			isa = PBXFrameworksBuildPhase;
			buildActionMask = 2147483647;
			files = (
			);
			runOnlyForDeploymentPostprocessing = 0;
		};
/* End PBXFrameworksBuildPhase section */

/* Begin PBXGroup section */
		1D59ECDB24EE7AE800765B89 = {
			isa = PBXGroup;
			children = (
				1D59ECE624EE7AE800765B89 /* SurfingSpots */,
				1D59ECFD24EE7AE900765B89 /* SurfingSpotsTests */,
				1D59ED0824EE7AE900765B89 /* SurfingSpotsUITests */,
				1D59ECE524EE7AE800765B89 /* Products */,
			);
			sourceTree = "<group>";
		};
		1D59ECE524EE7AE800765B89 /* Products */ = {
			isa = PBXGroup;
			children = (
				1D59ECE424EE7AE800765B89 /* SurfingSpots.app */,
				1D59ECFA24EE7AE900765B89 /* SurfingSpotsTests.xctest */,
				1D59ED0524EE7AE900765B89 /* SurfingSpotsUITests.xctest */,
			);
			name = Products;
			sourceTree = "<group>";
		};
		1D59ECE624EE7AE800765B89 /* SurfingSpots */ = {
			isa = PBXGroup;
			children = (
				1D59ECE724EE7AE800765B89 /* AppDelegate.swift */,
				1D59ECE924EE7AE800765B89 /* SceneDelegate.swift */,
				1D59ECEB24EE7AE800765B89 /* ContentView.swift */,
				1D59ECED24EE7AE900765B89 /* Assets.xcassets */,
				1D59ECF224EE7AE900765B89 /* LaunchScreen.storyboard */,
				1D59ECF524EE7AE900765B89 /* Info.plist */,
				1D59ECEF24EE7AE900765B89 /* Preview Content */,
			);
			path = SurfingSpots;
			sourceTree = "<group>";
		};
		1D59ECEF24EE7AE900765B89 /* Preview Content */ = {
			isa = PBXGroup;
			children = (
				1D59ECF024EE7AE900765B89 /* Preview Assets.xcassets */,
			);
			path = "Preview Content";
			sourceTree = "<group>";
		};
		1D59ECFD24EE7AE900765B89 /* SurfingSpotsTests */ = {
			isa = PBXGroup;
			children = (
				1D59ECFE24EE7AE900765B89 /* SurfingSpotsTests.swift */,
				1D59ED0024EE7AE900765B89 /* Info.plist */,
			);
			path = SurfingSpotsTests;
			sourceTree = "<group>";
		};
		1D59ED0824EE7AE900765B89 /* SurfingSpotsUITests */ = {
			isa = PBXGroup;
			children = (
				1D59ED0924EE7AE900765B89 /* SurfingSpotsUITests.swift */,
				1D59ED0B24EE7AE900765B89 /* Info.plist */,
			);
			path = SurfingSpotsUITests;
			sourceTree = "<group>";
		};
/* End PBXGroup section */

/* Begin PBXNativeTarget section */
		1D59ECE324EE7AE800765B89 /* SurfingSpots */ = {
			isa = PBXNativeTarget;
			buildConfigurationList = 1D59ED0E24EE7AE900765B89 /* Build configuration list for PBXNativeTarget "SurfingSpots" */;
			buildPhases = (
				1D59ECE024EE7AE800765B89 /* Sources */,
				1D59ECE124EE7AE800765B89 /* Frameworks */,
				1D59ECE224EE7AE800765B89 /* Resources */,
			);
			buildRules = (
			);
			dependencies = (
			);
			name = SurfingSpots;
			productName = SurfingSpots;
			productReference = 1D59ECE424EE7AE800765B89 /* SurfingSpots.app */;
			productType = "com.apple.product-type.application";
		};
		1D59ECF924EE7AE900765B89 /* SurfingSpotsTests */ = {
			isa = PBXNativeTarget;
			buildConfigurationList = 1D59ED1124EE7AE900765B89 /* Build configuration list for PBXNativeTarget "SurfingSpotsTests" */;
			buildPhases = (
				1D59ECF624EE7AE900765B89 /* Sources */,
				1D59ECF724EE7AE900765B89 /* Frameworks */,
				1D59ECF824EE7AE900765B89 /* Resources */,
			);
			buildRules = (
			);
			dependencies = (
				1D59ECFC24EE7AE900765B89 /* PBXTargetDependency */,
			);
			name = SurfingSpotsTests;
			productName = SurfingSpotsTests;
			productReference = 1D59ECFA24EE7AE900765B89 /* SurfingSpotsTests.xctest */;
			productType = "com.apple.product-type.bundle.unit-test";
		};
		1D59ED0424EE7AE900765B89 /* SurfingSpotsUITests */ = {
			isa = PBXNativeTarget;
			buildConfigurationList = 1D59ED1424EE7AE900765B89 /* Build configuration list for PBXNativeTarget "SurfingSpotsUITests" */;
			buildPhases = (
				1D59ED0124EE7AE900765B89 /* Sources */,
				1D59ED0224EE7AE900765B89 /* Frameworks */,
				1D59ED0324EE7AE900765B89 /* Resources */,
			);
			buildRules = (
			);
			dependencies = (
				1D59ED0724EE7AE900765B89 /* PBXTargetDependency */,
			);
			name = SurfingSpotsUITests;
			productName = SurfingSpotsUITests;
			productReference = 1D59ED0524EE7AE900765B89 /* SurfingSpotsUITests.xctest */;
			productType = "com.apple.product-type.bundle.ui-testing";
		};
/* End PBXNativeTarget section */

/* Begin PBXProject section */
		1D59ECDC24EE7AE800765B89 /* Project object */ = {
			isa = PBXProject;
			attributes = {
				LastSwiftUpdateCheck = 1160;
				LastUpgradeCheck = 1160;
				ORGANIZATIONNAME = "Andrea Cerra";
				TargetAttributes = {
					1D59ECE324EE7AE800765B89 = {
						CreatedOnToolsVersion = 11.6;
					};
					1D59ECF924EE7AE900765B89 = {
						CreatedOnToolsVersion = 11.6;
						TestTargetID = 1D59ECE324EE7AE800765B89;
					};
					1D59ED0424EE7AE900765B89 = {
						CreatedOnToolsVersion = 11.6;
						TestTargetID = 1D59ECE324EE7AE800765B89;
					};
				};
			};
			buildConfigurationList = 1D59ECDF24EE7AE800765B89 /* Build configuration list for PBXProject "SurfingSpots" */;
			compatibilityVersion = "Xcode 9.3";
			developmentRegion = en;
			hasScannedForEncodings = 0;
			knownRegions = (
				en,
				Base,
			);
			mainGroup = 1D59ECDB24EE7AE800765B89;
			productRefGroup = 1D59ECE524EE7AE800765B89 /* Products */;
			projectDirPath = "";
			projectRoot = "";
			targets = (
				1D59ECE324EE7AE800765B89 /* SurfingSpots */,
				1D59ECF924EE7AE900765B89 /* SurfingSpotsTests */,
				1D59ED0424EE7AE900765B89 /* SurfingSpotsUITests */,
			);
		};
/* End PBXProject section */

/* Begin PBXResourcesBuildPhase section */
		1D59ECE224EE7AE800765B89 /* Resources */ = {
			isa = PBXResourcesBuildPhase;
			buildActionMask = 2147483647;
			files = (
				1D59ECF424EE7AE900765B89 /* LaunchScreen.storyboard in Resources */,
				1D59ECF124EE7AE900765B89 /* Preview Assets.xcassets in Resources */,
				1D59ECEE24EE7AE900765B89 /* Assets.xcassets in Resources */,
			);
			runOnlyForDeploymentPostprocessing = 0;
		};
		1D59ECF824EE7AE900765B89 /* Resources */ = {
			isa = PBXResourcesBuildPhase;
			buildActionMask = 2147483647;
			files = (
			);
			runOnlyForDeploymentPostprocessing = 0;
		};
		1D59ED0324EE7AE900765B89 /* Resources */ = {
			isa = PBXResourcesBuildPhase;
			buildActionMask = 2147483647;
			files = (
			);
			runOnlyForDeploymentPostprocessing = 0;
		};
/* End PBXResourcesBuildPhase section */

/* Begin PBXSourcesBuildPhase section */
		1D59ECE024EE7AE800765B89 /* Sources */ = {
			isa = PBXSourcesBuildPhase;
			buildActionMask = 2147483647;
			files = (
				1D59ECE824EE7AE800765B89 /* AppDelegate.swift in Sources */,
				1D59ECEA24EE7AE800765B89 /* SceneDelegate.swift in Sources */,
				1D59ECEC24EE7AE800765B89 /* ContentView.swift in Sources */,
			);
			runOnlyForDeploymentPostprocessing = 0;
		};
		1D59ECF624EE7AE900765B89 /* Sources */ = {
			isa = PBXSourcesBuildPhase;
			buildActionMask = 2147483647;
			files = (
				1D59ECFF24EE7AE900765B89 /* SurfingSpotsTests.swift in Sources */,
			);
			runOnlyForDeploymentPostprocessing = 0;
		};
		1D59ED0124EE7AE900765B89 /* Sources */ = {
			isa = PBXSourcesBuildPhase;
			buildActionMask = 2147483647;
			files = (
				1D59ED0A24EE7AE900765B89 /* SurfingSpotsUITests.swift in Sources */,
			);
			runOnlyForDeploymentPostprocessing = 0;
		};
/* End PBXSourcesBuildPhase section */

/* Begin PBXTargetDependency section */
		1D59ECFC24EE7AE900765B89 /* PBXTargetDependency */ = {
			isa = PBXTargetDependency;
			target = 1D59ECE324EE7AE800765B89 /* SurfingSpots */;
			targetProxy = 1D59ECFB24EE7AE900765B89 /* PBXContainerItemProxy */;
		};
		1D59ED0724EE7AE900765B89 /* PBXTargetDependency */ = {
			isa = PBXTargetDependency;
			target = 1D59ECE324EE7AE800765B89 /* SurfingSpots */;
			targetProxy = 1D59ED0624EE7AE900765B89 /* PBXContainerItemProxy */;
		};
/* End PBXTargetDependency section */

/* Begin PBXVariantGroup section */
		1D59ECF224EE7AE900765B89 /* LaunchScreen.storyboard */ = {
			isa = PBXVariantGroup;
			children = (
				1D59ECF324EE7AE900765B89 /* Base */,
			);
			name = LaunchScreen.storyboard;
			sourceTree = "<group>";
		};
/* End PBXVariantGroup section */

/* Begin XCBuildConfiguration section */
		1D59ED0C24EE7AE900765B89 /* Debug */ = {
			isa = XCBuildConfiguration;
			buildSettings = {
				ALWAYS_SEARCH_USER_PATHS = NO;
				CLANG_ANALYZER_NONNULL = YES;
				CLANG_ANALYZER_NUMBER_OBJECT_CONVERSION = YES_AGGRESSIVE;
				CLANG_CXX_LANGUAGE_STANDARD = "gnu++14";
				CLANG_CXX_LIBRARY = "libc++";
				CLANG_ENABLE_MODULES = YES;
				CLANG_ENABLE_OBJC_ARC = YES;
				CLANG_ENABLE_OBJC_WEAK = YES;
				CLANG_WARN_BLOCK_CAPTURE_AUTORELEASING = YES;
				CLANG_WARN_BOOL_CONVERSION = YES;
				CLANG_WARN_COMMA = YES;
				CLANG_WARN_CONSTANT_CONVERSION = YES;
				CLANG_WARN_DEPRECATED_OBJC_IMPLEMENTATIONS = YES;
				CLANG_WARN_DIRECT_OBJC_ISA_USAGE = YES_ERROR;
				CLANG_WARN_DOCUMENTATION_COMMENTS = YES;
				CLANG_WARN_EMPTY_BODY = YES;
				CLANG_WARN_ENUM_CONVERSION = YES;
				CLANG_WARN_INFINITE_RECURSION = YES;
				CLANG_WARN_INT_CONVERSION = YES;
				CLANG_WARN_NON_LITERAL_NULL_CONVERSION = YES;
				CLANG_WARN_OBJC_IMPLICIT_RETAIN_SELF = YES;
				CLANG_WARN_OBJC_LITERAL_CONVERSION = YES;
				CLANG_WARN_OBJC_ROOT_CLASS = YES_ERROR;
				CLANG_WARN_RANGE_LOOP_ANALYSIS = YES;
				CLANG_WARN_STRICT_PROTOTYPES = YES;
				CLANG_WARN_SUSPICIOUS_MOVE = YES;
				CLANG_WARN_UNGUARDED_AVAILABILITY = YES_AGGRESSIVE;
				CLANG_WARN_UNREACHABLE_CODE = YES;
				CLANG_WARN__DUPLICATE_METHOD_MATCH = YES;
				COPY_PHASE_STRIP = NO;
				DEBUG_INFORMATION_FORMAT = dwarf;
				ENABLE_STRICT_OBJC_MSGSEND = YES;
				ENABLE_TESTABILITY = YES;
				GCC_C_LANGUAGE_STANDARD = gnu11;
				GCC_DYNAMIC_NO_PIC = NO;
				GCC_NO_COMMON_BLOCKS = YES;
				GCC_OPTIMIZATION_LEVEL = 0;
				GCC_PREPROCESSOR_DEFINITIONS = (
					"DEBUG=1",
					"$(inherited)",
				);
				GCC_WARN_64_TO_32_BIT_CONVERSION = YES;
				GCC_WARN_ABOUT_RETURN_TYPE = YES_ERROR;
				GCC_WARN_UNDECLARED_SELECTOR = YES;
				GCC_WARN_UNINITIALIZED_AUTOS = YES_AGGRESSIVE;
				GCC_WARN_UNUSED_FUNCTION = YES;
				GCC_WARN_UNUSED_VARIABLE = YES;
				IPHONEOS_DEPLOYMENT_TARGET = 13.6;
				MTL_ENABLE_DEBUG_INFO = INCLUDE_SOURCE;
				MTL_FAST_MATH = YES;
				ONLY_ACTIVE_ARCH = YES;
				SDKROOT = iphoneos;
				SWIFT_ACTIVE_COMPILATION_CONDITIONS = DEBUG;
				SWIFT_OPTIMIZATION_LEVEL = "-Onone";
			};
			name = Debug;
		};
		1D59ED0D24EE7AE900765B89 /* Release */ = {
			isa = XCBuildConfiguration;
			buildSettings = {
				ALWAYS_SEARCH_USER_PATHS = NO;
				CLANG_ANALYZER_NONNULL = YES;
				CLANG_ANALYZER_NUMBER_OBJECT_CONVERSION = YES_AGGRESSIVE;
				CLANG_CXX_LANGUAGE_STANDARD = "gnu++14";
				CLANG_CXX_LIBRARY = "libc++";
				CLANG_ENABLE_MODULES = YES;
				CLANG_ENABLE_OBJC_ARC = YES;
				CLANG_ENABLE_OBJC_WEAK = YES;
				CLANG_WARN_BLOCK_CAPTURE_AUTORELEASING = YES;
				CLANG_WARN_BOOL_CONVERSION = YES;
				CLANG_WARN_COMMA = YES;
				CLANG_WARN_CONSTANT_CONVERSION = YES;
				CLANG_WARN_DEPRECATED_OBJC_IMPLEMENTATIONS = YES;
				CLANG_WARN_DIRECT_OBJC_ISA_USAGE = YES_ERROR;
				CLANG_WARN_DOCUMENTATION_COMMENTS = YES;
				CLANG_WARN_EMPTY_BODY = YES;
				CLANG_WARN_ENUM_CONVERSION = YES;
				CLANG_WARN_INFINITE_RECURSION = YES;
				CLANG_WARN_INT_CONVERSION = YES;
				CLANG_WARN_NON_LITERAL_NULL_CONVERSION = YES;
				CLANG_WARN_OBJC_IMPLICIT_RETAIN_SELF = YES;
				CLANG_WARN_OBJC_LITERAL_CONVERSION = YES;
				CLANG_WARN_OBJC_ROOT_CLASS = YES_ERROR;
				CLANG_WARN_RANGE_LOOP_ANALYSIS = YES;
				CLANG_WARN_STRICT_PROTOTYPES = YES;
				CLANG_WARN_SUSPICIOUS_MOVE = YES;
				CLANG_WARN_UNGUARDED_AVAILABILITY = YES_AGGRESSIVE;
				CLANG_WARN_UNREACHABLE_CODE = YES;
				CLANG_WARN__DUPLICATE_METHOD_MATCH = YES;
				COPY_PHASE_STRIP = NO;
				DEBUG_INFORMATION_FORMAT = "dwarf-with-dsym";
				ENABLE_NS_ASSERTIONS = NO;
				ENABLE_STRICT_OBJC_MSGSEND = YES;
				GCC_C_LANGUAGE_STANDARD = gnu11;
				GCC_NO_COMMON_BLOCKS = YES;
				GCC_WARN_64_TO_32_BIT_CONVERSION = YES;
				GCC_WARN_ABOUT_RETURN_TYPE = YES_ERROR;
				GCC_WARN_UNDECLARED_SELECTOR = YES;
				GCC_WARN_UNINITIALIZED_AUTOS = YES_AGGRESSIVE;
				GCC_WARN_UNUSED_FUNCTION = YES;
				GCC_WARN_UNUSED_VARIABLE = YES;
				IPHONEOS_DEPLOYMENT_TARGET = 13.6;
				MTL_ENABLE_DEBUG_INFO = NO;
				MTL_FAST_MATH = YES;
				SDKROOT = iphoneos;
				SWIFT_COMPILATION_MODE = wholemodule;
				SWIFT_OPTIMIZATION_LEVEL = "-O";
				VALIDATE_PRODUCT = YES;
			};
			name = Release;
		};
		1D59ED0F24EE7AE900765B89 /* Debug */ = {
			isa = XCBuildConfiguration;
			buildSettings = {
				ASSETCATALOG_COMPILER_APPICON_NAME = AppIcon;
				CODE_SIGN_STYLE = Automatic;
				DEVELOPMENT_ASSET_PATHS = "\"SurfingSpots/Preview Content\"";
				DEVELOPMENT_TEAM = 5SAN32BM2P;
				ENABLE_PREVIEWS = YES;
				INFOPLIST_FILE = SurfingSpots/Info.plist;
				LD_RUNPATH_SEARCH_PATHS = (
					"$(inherited)",
					"@executable_path/Frameworks",
				);
				PRODUCT_BUNDLE_IDENTIFIER = com.testapp.SurfingSpots;
				PRODUCT_NAME = "$(TARGET_NAME)";
				SWIFT_VERSION = 5.0;
				TARGETED_DEVICE_FAMILY = "1,2";
			};
			name = Debug;
		};
		1D59ED1024EE7AE900765B89 /* Release */ = {
			isa = XCBuildConfiguration;
			buildSettings = {
				ASSETCATALOG_COMPILER_APPICON_NAME = AppIcon;
				CODE_SIGN_STYLE = Automatic;
				DEVELOPMENT_ASSET_PATHS = "\"SurfingSpots/Preview Content\"";
				DEVELOPMENT_TEAM = 5SAN32BM2P;
				ENABLE_PREVIEWS = YES;
				INFOPLIST_FILE = SurfingSpots/Info.plist;
				LD_RUNPATH_SEARCH_PATHS = (
					"$(inherited)",
					"@executable_path/Frameworks",
				);
				PRODUCT_BUNDLE_IDENTIFIER = com.testapp.SurfingSpots;
				PRODUCT_NAME = "$(TARGET_NAME)";
				SWIFT_VERSION = 5.0;
				TARGETED_DEVICE_FAMILY = "1,2";
			};
			name = Release;
		};
		1D59ED1224EE7AE900765B89 /* Debug */ = {
			isa = XCBuildConfiguration;
			buildSettings = {
				ALWAYS_EMBED_SWIFT_STANDARD_LIBRARIES = YES;
				BUNDLE_LOADER = "$(TEST_HOST)";
				CODE_SIGN_STYLE = Automatic;
				DEVELOPMENT_TEAM = 5SAN32BM2P;
				INFOPLIST_FILE = SurfingSpotsTests/Info.plist;
				IPHONEOS_DEPLOYMENT_TARGET = 13.6;
				LD_RUNPATH_SEARCH_PATHS = (
					"$(inherited)",
					"@executable_path/Frameworks",
					"@loader_path/Frameworks",
				);
				PRODUCT_BUNDLE_IDENTIFIER = com.testapp.SurfingSpotsTests;
				PRODUCT_NAME = "$(TARGET_NAME)";
				SWIFT_VERSION = 5.0;
				TARGETED_DEVICE_FAMILY = "1,2";
				TEST_HOST = "$(BUILT_PRODUCTS_DIR)/SurfingSpots.app/SurfingSpots";
			};
			name = Debug;
		};
		1D59ED1324EE7AE900765B89 /* Release */ = {
			isa = XCBuildConfiguration;
			buildSettings = {
				ALWAYS_EMBED_SWIFT_STANDARD_LIBRARIES = YES;
				BUNDLE_LOADER = "$(TEST_HOST)";
				CODE_SIGN_STYLE = Automatic;
				DEVELOPMENT_TEAM = 5SAN32BM2P;
				INFOPLIST_FILE = SurfingSpotsTests/Info.plist;
				IPHONEOS_DEPLOYMENT_TARGET = 13.6;
				LD_RUNPATH_SEARCH_PATHS = (
					"$(inherited)",
					"@executable_path/Frameworks",
					"@loader_path/Frameworks",
				);
				PRODUCT_BUNDLE_IDENTIFIER = com.testapp.SurfingSpotsTests;
				PRODUCT_NAME = "$(TARGET_NAME)";
				SWIFT_VERSION = 5.0;
				TARGETED_DEVICE_FAMILY = "1,2";
				TEST_HOST = "$(BUILT_PRODUCTS_DIR)/SurfingSpots.app/SurfingSpots";
			};
			name = Release;
		};
		1D59ED1524EE7AE900765B89 /* Debug */ = {
			isa = XCBuildConfiguration;
			buildSettings = {
				ALWAYS_EMBED_SWIFT_STANDARD_LIBRARIES = YES;
				CODE_SIGN_STYLE = Automatic;
				DEVELOPMENT_TEAM = 5SAN32BM2P;
				INFOPLIST_FILE = SurfingSpotsUITests/Info.plist;
				LD_RUNPATH_SEARCH_PATHS = (
					"$(inherited)",
					"@executable_path/Frameworks",
					"@loader_path/Frameworks",
				);
				PRODUCT_BUNDLE_IDENTIFIER = com.testapp.SurfingSpotsUITests;
				PRODUCT_NAME = "$(TARGET_NAME)";
				SWIFT_VERSION = 5.0;
				TARGETED_DEVICE_FAMILY = "1,2";
				TEST_TARGET_NAME = SurfingSpots;
			};
			name = Debug;
		};
		1D59ED1624EE7AE900765B89 /* Release */ = {
			isa = XCBuildConfiguration;
			buildSettings = {
				ALWAYS_EMBED_SWIFT_STANDARD_LIBRARIES = YES;
				CODE_SIGN_STYLE = Automatic;
				DEVELOPMENT_TEAM = 5SAN32BM2P;
				INFOPLIST_FILE = SurfingSpotsUITests/Info.plist;
				LD_RUNPATH_SEARCH_PATHS = (
					"$(inherited)",
					"@executable_path/Frameworks",
					"@loader_path/Frameworks",
				);
				PRODUCT_BUNDLE_IDENTIFIER = com.testapp.SurfingSpotsUITests;
				PRODUCT_NAME = "$(TARGET_NAME)";
				SWIFT_VERSION = 5.0;
				TARGETED_DEVICE_FAMILY = "1,2";
				TEST_TARGET_NAME = SurfingSpots;
			};
			name = Release;
		};
/* End XCBuildConfiguration section */

/* Begin XCConfigurationList section */
		1D59ECDF24EE7AE800765B89 /* Build configuration list for PBXProject "SurfingSpots" */ = {
			isa = XCConfigurationList;
			buildConfigurations = (
				1D59ED0C24EE7AE900765B89 /* Debug */,
				1D59ED0D24EE7AE900765B89 /* Release */,
			);
			defaultConfigurationIsVisible = 0;
			defaultConfigurationName = Release;
		};
		1D59ED0E24EE7AE900765B89 /* Build configuration list for PBXNativeTarget "SurfingSpots" */ = {
			isa = XCConfigurationList;
			buildConfigurations = (
				1D59ED0F24EE7AE900765B89 /* Debug */,
				1D59ED1024EE7AE900765B89 /* Release */,
			);
			defaultConfigurationIsVisible = 0;
			defaultConfigurationName = Release;
		};
		1D59ED1124EE7AE900765B89 /* Build configuration list for PBXNativeTarget "SurfingSpotsTests" */ = {
			isa = XCConfigurationList;
			buildConfigurations = (
				1D59ED1224EE7AE900765B89 /* Debug */,
				1D59ED1324EE7AE900765B89 /* Release */,
			);
			defaultConfigurationIsVisible = 0;
			defaultConfigurationName = Release;
		};
		1D59ED1424EE7AE900765B89 /* Build configuration list for PBXNativeTarget "SurfingSpotsUITests" */ = {
			isa = XCConfigurationList;
			buildConfigurations = (
				1D59ED1524EE7AE900765B89 /* Debug */,
				1D59ED1624EE7AE900765B89 /* Release */,
			);
			defaultConfigurationIsVisible = 0;
			defaultConfigurationName = Release;
		};
/* End XCConfigurationList section */
	};
	rootObject = 1D59ECDC24EE7AE800765B89 /* Project object */;
}
